<?xml version="1.0" encoding="utf-8"?>
<Project ToolsVersion="4.0" xmlns="http://schemas.microsoft.com/developer/msbuild/2003">
  <ItemGroup>
    <Filter Include="Source Files">
      <UniqueIdentifier>{4FC737F1-C7A5-4376-A066-2A32D752A2FF}</UniqueIdentifier>
      <Extensions>cpp;c;cc;cxx;c++;cppm;ixx;def;odl;idl;hpj;bat;asm;asmx</Extensions>
    </Filter>
    <Filter Include="Header Files">
      <UniqueIdentifier>{93995380-89BD-4b04-88EB-625FBE52EBFB}</UniqueIdentifier>
      <Extensions>h;hh;hpp;hxx;h++;hm;inl;inc;ipp;xsd</Extensions>
    </Filter>
    <Filter Include="Resource Files">
      <UniqueIdentifier>{67DA6AB6-F800-4c08-8B7A-83BB121AAD01}</UniqueIdentifier>
      <Extensions>rc;ico;cur;bmp;dlg;rc2;rct;bin;rgs;gif;jpg;jpeg;jpe;resx;tiff;tif;png;wav;mfcribbon-ms</Extensions>
    </Filter>
    <Filter Include="Adapter">
      <UniqueIdentifier>{6160db9d-7be0-42f1-a29c-a1ab08583f30}</UniqueIdentifier>
    </Filter>
    <Filter Include="Bridge">
      <UniqueIdentifier>{603257b9-e235-4505-8c6e-f5d7e72b25dd}</UniqueIdentifier>
    </Filter>
    <Filter Include="Compoiste">
      <UniqueIdentifier>{757f24b5-5852-4a47-b434-1064e0978ec3}</UniqueIdentifier>
    </Filter>
  </ItemGroup>
  <ItemGroup>
    <ClInclude Include="Adapter\Shape.h">
      <Filter>Header Files</Filter>
    </ClInclude>
    <ClInclude Include="Adapter\TextView.h">
      <Filter>Header Files</Filter>
    </ClInclude>
    <ClInclude Include="Adapter\TextShape.h">
      <Filter>Header Files</Filter>
    </ClInclude>
    <ClInclude Include="Adapter\Point.h">
      <Filter>Header Files</Filter>
    </ClInclude>
    <ClInclude Include="Adapter\Manipulator.h">
      <Filter>Header Files</Filter>
    </ClInclude>
    <ClInclude Include="Adapter\TextManipulator.h">
      <Filter>Header Files</Filter>
    </ClInclude>
    <ClInclude Include="Bridge\Window.h">
      <Filter>Header Files</Filter>
    </ClInclude>
    <ClInclude Include="Bridge\WindowImp.h">
      <Filter>Header Files</Filter>
    </ClInclude>
    <ClInclude Include="Bridge\View.h">
      <Filter>Header Files</Filter>
    </ClInclude>
    <ClInclude Include="Bridge\ApplicationWindow.h">
      <Filter>Header Files</Filter>
    </ClInclude>
    <ClInclude Include="Bridge\IconWindow.h">
      <Filter>Header Files</Filter>
    </ClInclude>
    <ClInclude Include="Composite\Equipment.h">
      <Filter>Header Files</Filter>
    </ClInclude>
    <ClInclude Include="Composite\FloppyDisk.h">
      <Filter>Header Files</Filter>
    </ClInclude>
    <ClInclude Include="Composite\CompostiteEquipment.h">
      <Filter>Header Files</Filter>
    </ClInclude>
  </ItemGroup>
  <ItemGroup>
    <ClCompile Include="Source.cpp">
      <Filter>Source Files</Filter>
    </ClCompile>
    <ClCompile Include="Adapter\TextView.cpp">
      <Filter>Adapter</Filter>
    </ClCompile>
    <ClCompile Include="Adapter\TextShape.cpp">
      <Filter>Adapter</Filter>
    </ClCompile>
    <ClCompile Include="Adapter\TextManipulator.cpp">
      <Filter>Adapter</Filter>
    </ClCompile>
    <ClCompile Include="Adapter\Shape.cpp">
      <Filter>Adapter</Filter>
    </ClCompile>
    <ClCompile Include="Adapter\Point.cpp">
      <Filter>Adapter</Filter>
    </ClCompile>
    <ClCompile Include="Bridge\WindowImp.cpp">
      <Filter>Bridge</Filter>
    </ClCompile>
    <ClCompile Include="Bridge\Window.cpp">
      <Filter>Bridge</Filter>
    </ClCompile>
    <ClCompile Include="Bridge\View.cpp">
      <Filter>Bridge</Filter>
    </ClCompile>
    <ClCompile Include="Adapter\Manipulator.cpp">
      <Filter>Bridge</Filter>
    </ClCompile>
    <ClCompile Include="Bridge\IconWindow.cpp">
      <Filter>Bridge</Filter>
    </ClCompile>
    <ClCompile Include="Bridge\ApplicationWindow.cpp">
      <Filter>Bridge</Filter>
    </ClCompile>
    <ClCompile Include="Composite\Equipment.cpp">
      <Filter>Compoiste</Filter>
    </ClCompile>
    <ClCompile Include="Composite\FloppyDisk.cpp">
      <Filter>Compoiste</Filter>
    </ClCompile>
    <ClCompile Include="Composite\CompostiteEquipment.cpp">
      <Filter>Compoiste</Filter>
    </ClCompile>
  </ItemGroup>
</Project>