
Microsoft Visual Studio Solution File, Format Version 12.00
# Visual Studio Version 17
VisualStudioVersion = 17.3.32922.545
MinimumVisualStudioVersion = 10.0.40219.1
Project("{8BC9CEB8-8B4A-11D0-8D11-00A0C91BC942}") = "ScrollApp", "ScrollApp\ScrollApp.vcxproj", "{ADBA13BA-F674-4C7D-BB26-C0F82E0AC5F8}"
EndProject
Global
	GlobalSection(SolutionConfigurationPlatforms) = preSolution
		Debug|x64 = Debug|x64
		Debug|x86 = Debug|x86
		Release|x64 = Release|x64
		Release|x86 = Release|x86
	EndGlobalSection
	GlobalSection(ProjectConfigurationPlatforms) = postSolution
		{ADBA13BA-F674-4C7D-BB26-C0F82E0AC5F8}.Debug|x64.ActiveCfg = Debug|x64
		{ADBA13BA-F674-4C7D-BB26-C0F82E0AC5F8}.Debug|x64.Build.0 = Debug|x64
		{ADBA13BA-F674-4C7D-BB26-C0F82E0AC5F8}.Debug|x86.ActiveCfg = Debug|Win32
		{ADBA13BA-F674-4C7D-BB26-C0F82E0AC5F8}.Debug|x86.Build.0 = Debug|Win32
		{ADBA13BA-F674-4C7D-BB26-C0F82E0AC5F8}.Release|x64.ActiveCfg = Release|x64
		{ADBA13BA-F674-4C7D-BB26-C0F82E0AC5F8}.Release|x64.Build.0 = Release|x64
		{ADBA13BA-F674-4C7D-BB26-C0F82E0AC5F8}.Release|x86.ActiveCfg = Release|Win32
		{ADBA13BA-F674-4C7D-BB26-C0F82E0AC5F8}.Release|x86.Build.0 = Release|Win32
	EndGlobalSection
	GlobalSection(SolutionProperties) = preSolution
		HideSolutionNode = FALSE
	EndGlobalSection
	GlobalSection(ExtensibilityGlobals) = postSolution
		SolutionGuid = {9F5309FF-750F-429A-A662-D0E6DA5904D0}
	EndGlobalSection
EndGlobal
